
Microsoft Visual Studio Solution File, Format Version 12.00
# Visual Studio Version 17
VisualStudioVersion = 17.0.31613.370
MinimumVisualStudioVersion = 10.0.40219.1
Project("{2150E333-8FDC-42A3-9474-1A3956D46DE8}") = "Concepts", "Concepts", "{7CA85778-6AAB-4188-800B-D12D1BB6C334}"
EndProject
Project("{2150E333-8FDC-42A3-9474-1A3956D46DE8}") = "Ranges", "Ranges", "{82924E4C-A68C-4F4F-AF41-982261A0255F}"
EndProject
Project("{8BC9CEB8-8B4A-11D0-8D11-00A0C91BC942}") = "Ranges", "Ranges\Ranges.vcxproj", "{1212A881-5FC3-4B05-A867-360B6650DD1B}"
EndProject
Project("{2150E333-8FDC-42A3-9474-1A3956D46DE8}") = "Coroutines", "Coroutines", "{5CAA40B1-3CEE-41C8-979A-866D8684C0DC}"
EndProject
Project("{8BC9CEB8-8B4A-11D0-8D11-00A0C91BC942}") = "Shapes", "Shapes\Shapes.vcxproj", "{EF568238-271A-4C01-B534-67F8BC4CDC57}"
EndProject
Project("{8BC9CEB8-8B4A-11D0-8D11-00A0C91BC942}") = "ShapesConcepts", "ShapesConcepts\ShapesConcepts.vcxproj", "{ABE925BB-9CB4-44A8-B900-93B92B06ABF9}"
EndProject
Project("{8BC9CEB8-8B4A-11D0-8D11-00A0C91BC942}") = "Coroutines", "Coroutines\Coroutines.vcxproj", "{7F6A4E13-DEE4-4862-A4B1-6CFCBC019CB7}"
EndProject
Project("{8BC9CEB8-8B4A-11D0-8D11-00A0C91BC942}") = "ImageView", "ImageView\ImageView.vcxproj", "{19E1BAD7-865D-4E36-9D05-992D8A738FED}"
EndProject
Project("{8BC9CEB8-8B4A-11D0-8D11-00A0C91BC942}") = "Awaitables", "Awaitables\Awaitables.vcxproj", "{1118AACF-04AC-45CB-AD31-B4DB91BDD446}"
EndProject
Project("{2150E333-8FDC-42A3-9474-1A3956D46DE8}") = "Modules", "Modules", "{E95D745C-F3F4-47EA-A456-D877FE512D79}"
EndProject
Project("{8BC9CEB8-8B4A-11D0-8D11-00A0C91BC942}") = "AsyncIo", "AsyncIo\AsyncIo.vcxproj", "{6029A3CB-D955-40DA-A115-955457EE0378}"
EndProject
Global
	GlobalSection(SolutionConfigurationPlatforms) = preSolution
		Debug|ARM = Debug|ARM
		Debug|ARM64 = Debug|ARM64
		Debug|x64 = Debug|x64
		Debug|x86 = Debug|x86
		Release|ARM = Release|ARM
		Release|ARM64 = Release|ARM64
		Release|x64 = Release|x64
		Release|x86 = Release|x86
	EndGlobalSection
	GlobalSection(ProjectConfigurationPlatforms) = postSolution
		{1212A881-5FC3-4B05-A867-360B6650DD1B}.Debug|ARM.ActiveCfg = Debug|Win32
		{1212A881-5FC3-4B05-A867-360B6650DD1B}.Debug|ARM64.ActiveCfg = Debug|Win32
		{1212A881-5FC3-4B05-A867-360B6650DD1B}.Debug|x64.ActiveCfg = Debug|x64
		{1212A881-5FC3-4B05-A867-360B6650DD1B}.Debug|x64.Build.0 = Debug|x64
		{1212A881-5FC3-4B05-A867-360B6650DD1B}.Debug|x86.ActiveCfg = Debug|Win32
		{1212A881-5FC3-4B05-A867-360B6650DD1B}.Debug|x86.Build.0 = Debug|Win32
		{1212A881-5FC3-4B05-A867-360B6650DD1B}.Release|ARM.ActiveCfg = Release|Win32
		{1212A881-5FC3-4B05-A867-360B6650DD1B}.Release|ARM64.ActiveCfg = Release|Win32
		{1212A881-5FC3-4B05-A867-360B6650DD1B}.Release|x64.ActiveCfg = Release|x64
		{1212A881-5FC3-4B05-A867-360B6650DD1B}.Release|x64.Build.0 = Release|x64
		{1212A881-5FC3-4B05-A867-360B6650DD1B}.Release|x86.ActiveCfg = Release|Win32
		{1212A881-5FC3-4B05-A867-360B6650DD1B}.Release|x86.Build.0 = Release|Win32
		{EF568238-271A-4C01-B534-67F8BC4CDC57}.Debug|ARM.ActiveCfg = Debug|Win32
		{EF568238-271A-4C01-B534-67F8BC4CDC57}.Debug|ARM64.ActiveCfg = Debug|Win32
		{EF568238-271A-4C01-B534-67F8BC4CDC57}.Debug|x64.ActiveCfg = Debug|x64
		{EF568238-271A-4C01-B534-67F8BC4CDC57}.Debug|x64.Build.0 = Debug|x64
		{EF568238-271A-4C01-B534-67F8BC4CDC57}.Debug|x86.ActiveCfg = Debug|Win32
		{EF568238-271A-4C01-B534-67F8BC4CDC57}.Debug|x86.Build.0 = Debug|Win32
		{EF568238-271A-4C01-B534-67F8BC4CDC57}.Release|ARM.ActiveCfg = Release|Win32
		{EF568238-271A-4C01-B534-67F8BC4CDC57}.Release|ARM64.ActiveCfg = Release|Win32
		{EF568238-271A-4C01-B534-67F8BC4CDC57}.Release|x64.ActiveCfg = Release|x64
		{EF568238-271A-4C01-B534-67F8BC4CDC57}.Release|x64.Build.0 = Release|x64
		{EF568238-271A-4C01-B534-67F8BC4CDC57}.Release|x86.ActiveCfg = Release|Win32
		{EF568238-271A-4C01-B534-67F8BC4CDC57}.Release|x86.Build.0 = Release|Win32
		{ABE925BB-9CB4-44A8-B900-93B92B06ABF9}.Debug|ARM.ActiveCfg = Debug|Win32
		{ABE925BB-9CB4-44A8-B900-93B92B06ABF9}.Debug|ARM64.ActiveCfg = Debug|Win32
		{ABE925BB-9CB4-44A8-B900-93B92B06ABF9}.Debug|x64.ActiveCfg = Debug|x64
		{ABE925BB-9CB4-44A8-B900-93B92B06ABF9}.Debug|x64.Build.0 = Debug|x64
		{ABE925BB-9CB4-44A8-B900-93B92B06ABF9}.Debug|x86.ActiveCfg = Debug|Win32
		{ABE925BB-9CB4-44A8-B900-93B92B06ABF9}.Debug|x86.Build.0 = Debug|Win32
		{ABE925BB-9CB4-44A8-B900-93B92B06ABF9}.Release|ARM.ActiveCfg = Release|Win32
		{ABE925BB-9CB4-44A8-B900-93B92B06ABF9}.Release|ARM64.ActiveCfg = Release|Win32
		{ABE925BB-9CB4-44A8-B900-93B92B06ABF9}.Release|x64.ActiveCfg = Release|x64
		{ABE925BB-9CB4-44A8-B900-93B92B06ABF9}.Release|x64.Build.0 = Release|x64
		{ABE925BB-9CB4-44A8-B900-93B92B06ABF9}.Release|x86.ActiveCfg = Release|Win32
		{ABE925BB-9CB4-44A8-B900-93B92B06ABF9}.Release|x86.Build.0 = Release|Win32
		{7F6A4E13-DEE4-4862-A4B1-6CFCBC019CB7}.Debug|ARM.ActiveCfg = Debug|Win32
		{7F6A4E13-DEE4-4862-A4B1-6CFCBC019CB7}.Debug|ARM64.ActiveCfg = Debug|Win32
		{7F6A4E13-DEE4-4862-A4B1-6CFCBC019CB7}.Debug|x64.ActiveCfg = Debug|x64
		{7F6A4E13-DEE4-4862-A4B1-6CFCBC019CB7}.Debug|x64.Build.0 = Debug|x64
		{7F6A4E13-DEE4-4862-A4B1-6CFCBC019CB7}.Debug|x86.ActiveCfg = Debug|Win32
		{7F6A4E13-DEE4-4862-A4B1-6CFCBC019CB7}.Debug|x86.Build.0 = Debug|Win32
		{7F6A4E13-DEE4-4862-A4B1-6CFCBC019CB7}.Release|ARM.ActiveCfg = Release|Win32
		{7F6A4E13-DEE4-4862-A4B1-6CFCBC019CB7}.Release|ARM64.ActiveCfg = Release|Win32
		{7F6A4E13-DEE4-4862-A4B1-6CFCBC019CB7}.Release|x64.ActiveCfg = Release|x64
		{7F6A4E13-DEE4-4862-A4B1-6CFCBC019CB7}.Release|x64.Build.0 = Release|x64
		{7F6A4E13-DEE4-4862-A4B1-6CFCBC019CB7}.Release|x86.ActiveCfg = Release|Win32
		{7F6A4E13-DEE4-4862-A4B1-6CFCBC019CB7}.Release|x86.Build.0 = Release|Win32
		{19E1BAD7-865D-4E36-9D05-992D8A738FED}.Debug|ARM.ActiveCfg = Debug|ARM
		{19E1BAD7-865D-4E36-9D05-992D8A738FED}.Debug|ARM.Build.0 = Debug|ARM
		{19E1BAD7-865D-4E36-9D05-992D8A738FED}.Debug|ARM.Deploy.0 = Debug|ARM
		{19E1BAD7-865D-4E36-9D05-992D8A738FED}.Debug|ARM64.ActiveCfg = Debug|ARM64
		{19E1BAD7-865D-4E36-9D05-992D8A738FED}.Debug|ARM64.Build.0 = Debug|ARM64
		{19E1BAD7-865D-4E36-9D05-992D8A738FED}.Debug|ARM64.Deploy.0 = Debug|ARM64
		{19E1BAD7-865D-4E36-9D05-992D8A738FED}.Debug|x64.ActiveCfg = Debug|x64
		{19E1BAD7-865D-4E36-9D05-992D8A738FED}.Debug|x64.Build.0 = Debug|x64
		{19E1BAD7-865D-4E36-9D05-992D8A738FED}.Debug|x64.Deploy.0 = Debug|x64
		{19E1BAD7-865D-4E36-9D05-992D8A738FED}.Debug|x86.ActiveCfg = Debug|Win32
		{19E1BAD7-865D-4E36-9D05-992D8A738FED}.Debug|x86.Build.0 = Debug|Win32
		{19E1BAD7-865D-4E36-9D05-992D8A738FED}.Debug|x86.Deploy.0 = Debug|Win32
		{19E1BAD7-865D-4E36-9D05-992D8A738FED}.Release|ARM.ActiveCfg = Release|ARM
		{19E1BAD7-865D-4E36-9D05-992D8A738FED}.Release|ARM.Build.0 = Release|ARM
		{19E1BAD7-865D-4E36-9D05-992D8A738FED}.Release|ARM.Deploy.0 = Release|ARM
		{19E1BAD7-865D-4E36-9D05-992D8A738FED}.Release|ARM64.ActiveCfg = Release|ARM64
		{19E1BAD7-865D-4E36-9D05-992D8A738FED}.Release|ARM64.Build.0 = Release|ARM64
		{19E1BAD7-865D-4E36-9D05-992D8A738FED}.Release|ARM64.Deploy.0 = Release|ARM64
		{19E1BAD7-865D-4E36-9D05-992D8A738FED}.Release|x64.ActiveCfg = Release|x64
		{19E1BAD7-865D-4E36-9D05-992D8A738FED}.Release|x64.Build.0 = Release|x64
		{19E1BAD7-865D-4E36-9D05-992D8A738FED}.Release|x64.Deploy.0 = Release|x64
		{19E1BAD7-865D-4E36-9D05-992D8A738FED}.Release|x86.ActiveCfg = Release|Win32
		{19E1BAD7-865D-4E36-9D05-992D8A738FED}.Release|x86.Build.0 = Release|Win32
		{19E1BAD7-865D-4E36-9D05-992D8A738FED}.Release|x86.Deploy.0 = Release|Win32
		{1118AACF-04AC-45CB-AD31-B4DB91BDD446}.Debug|ARM.ActiveCfg = Debug|Win32
		{1118AACF-04AC-45CB-AD31-B4DB91BDD446}.Debug|ARM64.ActiveCfg = Debug|Win32
		{1118AACF-04AC-45CB-AD31-B4DB91BDD446}.Debug|x64.ActiveCfg = Debug|x64
		{1118AACF-04AC-45CB-AD31-B4DB91BDD446}.Debug|x64.Build.0 = Debug|x64
		{1118AACF-04AC-45CB-AD31-B4DB91BDD446}.Debug|x86.ActiveCfg = Debug|Win32
		{1118AACF-04AC-45CB-AD31-B4DB91BDD446}.Debug|x86.Build.0 = Debug|Win32
		{1118AACF-04AC-45CB-AD31-B4DB91BDD446}.Release|ARM.ActiveCfg = Release|Win32
		{1118AACF-04AC-45CB-AD31-B4DB91BDD446}.Release|ARM64.ActiveCfg = Release|Win32
		{1118AACF-04AC-45CB-AD31-B4DB91BDD446}.Release|x64.ActiveCfg = Release|x64
		{1118AACF-04AC-45CB-AD31-B4DB91BDD446}.Release|x64.Build.0 = Release|x64
		{1118AACF-04AC-45CB-AD31-B4DB91BDD446}.Release|x86.ActiveCfg = Release|Win32
		{1118AACF-04AC-45CB-AD31-B4DB91BDD446}.Release|x86.Build.0 = Release|Win32
		{6029A3CB-D955-40DA-A115-955457EE0378}.Debug|ARM.ActiveCfg = Debug|Win32
		{6029A3CB-D955-40DA-A115-955457EE0378}.Debug|ARM64.ActiveCfg = Debug|Win32
		{6029A3CB-D955-40DA-A115-955457EE0378}.Debug|x64.ActiveCfg = Debug|x64
		{6029A3CB-D955-40DA-A115-955457EE0378}.Debug|x64.Build.0 = Debug|x64
		{6029A3CB-D955-40DA-A115-955457EE0378}.Debug|x86.ActiveCfg = Debug|Win32
		{6029A3CB-D955-40DA-A115-955457EE0378}.Debug|x86.Build.0 = Debug|Win32
		{6029A3CB-D955-40DA-A115-955457EE0378}.Release|ARM.ActiveCfg = Release|Win32
		{6029A3CB-D955-40DA-A115-955457EE0378}.Release|ARM64.ActiveCfg = Release|Win32
		{6029A3CB-D955-40DA-A115-955457EE0378}.Release|x64.ActiveCfg = Release|x64
		{6029A3CB-D955-40DA-A115-955457EE0378}.Release|x64.Build.0 = Release|x64
		{6029A3CB-D955-40DA-A115-955457EE0378}.Release|x86.ActiveCfg = Release|Win32
		{6029A3CB-D955-40DA-A115-955457EE0378}.Release|x86.Build.0 = Release|Win32
	EndGlobalSection
	GlobalSection(SolutionProperties) = preSolution
		HideSolutionNode = FALSE
	EndGlobalSection
	GlobalSection(NestedProjects) = preSolution
		{1212A881-5FC3-4B05-A867-360B6650DD1B} = {82924E4C-A68C-4F4F-AF41-982261A0255F}
		{EF568238-271A-4C01-B534-67F8BC4CDC57} = {7CA85778-6AAB-4188-800B-D12D1BB6C334}
		{ABE925BB-9CB4-44A8-B900-93B92B06ABF9} = {7CA85778-6AAB-4188-800B-D12D1BB6C334}
		{7F6A4E13-DEE4-4862-A4B1-6CFCBC019CB7} = {5CAA40B1-3CEE-41C8-979A-866D8684C0DC}
		{19E1BAD7-865D-4E36-9D05-992D8A738FED} = {5CAA40B1-3CEE-41C8-979A-866D8684C0DC}
		{1118AACF-04AC-45CB-AD31-B4DB91BDD446} = {5CAA40B1-3CEE-41C8-979A-866D8684C0DC}
		{6029A3CB-D955-40DA-A115-955457EE0378} = {5CAA40B1-3CEE-41C8-979A-866D8684C0DC}
	EndGlobalSection
	GlobalSection(ExtensibilityGlobals) = postSolution
		SolutionGuid = {A271A516-21C0-4C89-A2CF-27283F562000}
	EndGlobalSection
EndGlobal
